
Microsoft Visual Studio Solution File, Format Version 12.00
# Visual Studio Version 16
VisualStudioVersion = 16.0.29905.134
MinimumVisualStudioVersion = 10.0.40219.1
Project("{FAE04EC0-301F-11D3-BF4B-00C04F79EFBC}") = "SongDownloader", "SongDownloader.csproj", "{4E40C71F-B07D-414C-B652-EC0E121739FE}"
EndProject
Global
	GlobalSection(SolutionConfigurationPlatforms) = preSolution
		Debug|Any CPU = Debug|Any CPU
		Release|Any CPU = Release|Any CPU
	EndGlobalSection
	GlobalSection(ProjectConfigurationPlatforms) = postSolution
		{4E40C71F-B07D-414C-B652-EC0E121739FE}.Debug|Any CPU.ActiveCfg = Debug|Any CPU
		{4E40C71F-B07D-414C-B652-EC0E121739FE}.Debug|Any CPU.Build.0 = Debug|Any CPU
		{4E40C71F-B07D-414C-B652-EC0E121739FE}.Release|Any CPU.ActiveCfg = Release|Any CPU
		{4E40C71F-B07D-414C-B652-EC0E121739FE}.Release|Any CPU.Build.0 = Release|Any CPU
	EndGlobalSection
	GlobalSection(SolutionProperties) = preSolution
		HideSolutionNode = FALSE
	EndGlobalSection
	GlobalSection(ExtensibilityGlobals) = postSolution
		SolutionGuid = {E86E35DD-C2D3-41B4-8477-DD3372CE57B6}
	EndGlobalSection
EndGlobal
